
Microsoft Visual Studio Solution File, Format Version 12.00
# Visual Studio 15
VisualStudioVersion = 15.0.27130.2024
MinimumVisualStudioVersion = 10.0.40219.1
Project("{FAE04EC0-301F-11D3-BF4B-00C04F79EFBC}") = "CosmosDbChangeFeedSpike", "CosmosDbChangeFeedSpike\CosmosDbChangeFeedSpike.csproj", "{EE73E57A-1477-4FF3-922E-C269B1BA7A05}"
EndProject
Global
	GlobalSection(SolutionConfigurationPlatforms) = preSolution
		Debug|Any CPU = Debug|Any CPU
		Release|Any CPU = Release|Any CPU
	EndGlobalSection
	GlobalSection(ProjectConfigurationPlatforms) = postSolution
		{EE73E57A-1477-4FF3-922E-C269B1BA7A05}.Debug|Any CPU.ActiveCfg = Debug|Any CPU
		{EE73E57A-1477-4FF3-922E-C269B1BA7A05}.Debug|Any CPU.Build.0 = Debug|Any CPU
		{EE73E57A-1477-4FF3-922E-C269B1BA7A05}.Release|Any CPU.ActiveCfg = Release|Any CPU
		{EE73E57A-1477-4FF3-922E-C269B1BA7A05}.Release|Any CPU.Build.0 = Release|Any CPU
	EndGlobalSection
	GlobalSection(SolutionProperties) = preSolution
		HideSolutionNode = FALSE
	EndGlobalSection
	GlobalSection(ExtensibilityGlobals) = postSolution
		SolutionGuid = {81F84572-9D29-4B5A-B10C-EE0E65E79496}
	EndGlobalSection
EndGlobal
